Microsoft Visual Studio Solution File, Format Version 11.00
# Visual Studio 2008

Project("{FA6FBB70-9574-FCD6-1106-B111260BBE7B}") = "Hedieh", "Assembly-CSharp.csproj", "{76CC305E-3BEE-5082-1223-C67F13FA5474}"
EndProject
Global
	GlobalSection(SolutionConfigurationPlatforms) = preSolution
		Debug|Any CPU = Debug|Any CPU
		Release|Any CPU = Release|Any CPU
	EndGlobalSection
	GlobalSection(ProjectConfigurationPlatforms) = postSolution
		{76CC305E-3BEE-5082-1223-C67F13FA5474}.Debug|Any CPU.ActiveCfg = Debug|Any CPU
		{76CC305E-3BEE-5082-1223-C67F13FA5474}.Debug|Any CPU.Build.0 = Debug|Any CPU
		{76CC305E-3BEE-5082-1223-C67F13FA5474}.Release|Any CPU.ActiveCfg = Release|Any CPU
		{76CC305E-3BEE-5082-1223-C67F13FA5474}.Release|Any CPU.Build.0 = Release|Any CPU
	EndGlobalSection
	GlobalSection(SolutionProperties) = preSolution
		HideSolutionNode = FALSE
	EndGlobalSection
	GlobalSection(MonoDevelopProperties) = preSolution
		StartupItem = Assembly-CSharp.csproj
	EndGlobalSection
EndGlobal
